
Microsoft Visual Studio Solution File, Format Version 12.00
# Visual Studio 2013
VisualStudioVersion = 12.0.31101.0
MinimumVisualStudioVersion = 10.0.40219.1
Project("{2150E333-8FDC-42A3-9474-1A3956D46DE8}") = "GOF Four", "GOF Four", "{A85E6C5F-A7A7-4F17-9B98-0D8D3B5BBACE}"
EndProject
Project("{2150E333-8FDC-42A3-9474-1A3956D46DE8}") = "Others", "Others", "{3CB29B94-9735-4366-AF94-0B52C66B6177}"
EndProject
Project("{2150E333-8FDC-42A3-9474-1A3956D46DE8}") = "Creational", "Creational", "{56A94BE0-6309-4A33-B376-074AB52DB0AE}"
EndProject
Project("{2150E333-8FDC-42A3-9474-1A3956D46DE8}") = "Structural", "Structural", "{E50E0004-F6F6-4E7B-8495-4F6ADB61363A}"
EndProject
Project("{2150E333-8FDC-42A3-9474-1A3956D46DE8}") = "Behavioral", "Behavioral", "{D130D321-E193-42FB-96C5-1A120655EE9B}"
EndProject
Project("{8BC9CEB8-8B4A-11D0-8D11-00A0C91BC942}") = "abstract_factory", "..\src\GOF Four\Creational\abstract_factory\abstract_factory.vcxproj", "{88E3718E-60E4-41F3-AAC1-D4A7CA2DB81E}"
EndProject
Project("{8BC9CEB8-8B4A-11D0-8D11-00A0C91BC942}") = "simple_factory", "..\src\GOF Four\Creational\simple_factory\simple_factory.vcxproj", "{00DE18A6-240A-49A7-B054-C129D76235A4}"
EndProject
Project("{8BC9CEB8-8B4A-11D0-8D11-00A0C91BC942}") = "builder", "..\src\GOF Four\Creational\builder\builder.vcxproj", "{342DCD38-A716-4B05-A1D2-9497BAB06B58}"
EndProject
Project("{8BC9CEB8-8B4A-11D0-8D11-00A0C91BC942}") = "factory_method", "..\src\GOF Four\Creational\factory_method\factory_method.vcxproj", "{C7FC6772-648C-447B-8C9D-60516EA681AE}"
EndProject
Project("{8BC9CEB8-8B4A-11D0-8D11-00A0C91BC942}") = "prototype", "..\src\GOF Four\Creational\prototype\prototype.vcxproj", "{614AFA19-82A2-4B97-A5EB-27F4EF70A8AA}"
EndProject
Project("{8BC9CEB8-8B4A-11D0-8D11-00A0C91BC942}") = "singleton", "..\src\GOF Four\Creational\singleton\singleton.vcxproj", "{2A55CF46-F9B6-499D-85F8-B0243B8BA03D}"
EndProject
Project("{8BC9CEB8-8B4A-11D0-8D11-00A0C91BC942}") = "adapter", "..\src\GOF Four\Structural\adapter\adapter.vcxproj", "{336BA3E3-A9DF-4034-A95D-F56721B785A3}"
EndProject
Project("{8BC9CEB8-8B4A-11D0-8D11-00A0C91BC942}") = "bridge", "..\src\GOF Four\Structural\bridge\bridge.vcxproj", "{D25FD110-3556-449C-96AA-05DCB0D79F26}"
EndProject
Project("{8BC9CEB8-8B4A-11D0-8D11-00A0C91BC942}") = "composite_", "..\src\GOF Four\Structural\composite_\composite_.vcxproj", "{4BA8082B-6908-4E9C-814C-8C36D5B1A814}"
EndProject
Project("{8BC9CEB8-8B4A-11D0-8D11-00A0C91BC942}") = "decorator_", "..\src\GOF Four\Structural\decorator_\decorator_.vcxproj", "{3D4984AF-9CD5-4951-B840-A5FEEEDCAD91}"
EndProject
Project("{8BC9CEB8-8B4A-11D0-8D11-00A0C91BC942}") = "facade_", "..\src\GOF Four\Structural\facade_\facade_.vcxproj", "{CB5DC5D2-3740-4DB7-B43E-4A4D6FF7169C}"
EndProject
Project("{8BC9CEB8-8B4A-11D0-8D11-00A0C91BC942}") = "flyweight_", "..\src\GOF Four\Structural\flyweight_\flyweight_.vcxproj", "{E4D3B107-A897-484D-947A-8AE4D8D343A9}"
EndProject
Project("{8BC9CEB8-8B4A-11D0-8D11-00A0C91BC942}") = "proxy_", "..\src\GOF Four\Structural\proxy_\proxy_.vcxproj", "{3B96CF19-86E5-4FBD-AE90-4545E541C715}"
EndProject
Project("{8BC9CEB8-8B4A-11D0-8D11-00A0C91BC942}") = "responsibility", "..\src\GOF Four\Behavioral\responsibility\responsibility.vcxproj", "{1BD3F88F-6E43-461A-B757-BFBAE2369171}"
EndProject
Project("{8BC9CEB8-8B4A-11D0-8D11-00A0C91BC942}") = "command_", "..\src\GOF Four\Behavioral\command_\command_.vcxproj", "{AF69FD22-5108-4EBC-A19C-3E54E595408C}"
EndProject
Project("{8BC9CEB8-8B4A-11D0-8D11-00A0C91BC942}") = "interpreter_", "..\src\GOF Four\Behavioral\interpreter_\interpreter_.vcxproj", "{B550D372-742A-4DE4-9B17-AB97CE6D7F77}"
EndProject
Project("{8BC9CEB8-8B4A-11D0-8D11-00A0C91BC942}") = "iterator_", "..\src\GOF Four\Behavioral\iterator_\iterator_.vcxproj", "{526AD030-458B-4B18-9CBD-8B86CF0500E4}"
EndProject
Project("{8BC9CEB8-8B4A-11D0-8D11-00A0C91BC942}") = "mediator_", "..\src\GOF Four\Behavioral\mediator_\mediator_.vcxproj", "{8EB7BE77-CB2B-4099-8518-3BF6F8A07B31}"
EndProject
Project("{8BC9CEB8-8B4A-11D0-8D11-00A0C91BC942}") = "memento_", "..\src\GOF Four\Behavioral\memento_\memento_.vcxproj", "{967E22F6-41A5-438C-812F-3807FD7C06D4}"
EndProject
Project("{8BC9CEB8-8B4A-11D0-8D11-00A0C91BC942}") = "observer_", "..\src\GOF Four\Behavioral\observer_\observer_.vcxproj", "{686F2936-E253-47F0-ACDC-ED11D0B339EF}"
EndProject
Project("{8BC9CEB8-8B4A-11D0-8D11-00A0C91BC942}") = "state_", "..\src\GOF Four\Behavioral\state_\state_.vcxproj", "{87E2F4C4-E99D-421D-B5C1-1D5C76CF1879}"
EndProject
Project("{8BC9CEB8-8B4A-11D0-8D11-00A0C91BC942}") = "strategy_", "..\src\GOF Four\Behavioral\strategy_\strategy_.vcxproj", "{2114476E-D35B-4BAB-98EF-CE8B85B73FC6}"
EndProject
Project("{8BC9CEB8-8B4A-11D0-8D11-00A0C91BC942}") = "strategy2_", "..\src\GOF Four\Behavioral\strategy2_\strategy2_.vcxproj", "{D3AF3B2E-23B5-4970-B40F-C6C87DD47B9D}"
EndProject
Project("{8BC9CEB8-8B4A-11D0-8D11-00A0C91BC942}") = "template_method_", "..\src\GOF Four\Behavioral\template_method_\template_method_.vcxproj", "{F2807BD9-76C0-4EC6-9414-BDF5B0E4C113}"
EndProject
Project("{8BC9CEB8-8B4A-11D0-8D11-00A0C91BC942}") = "visitor_", "..\src\GOF Four\Behavioral\visitor_\visitor_.vcxproj", "{5C1A1A40-390B-4A9C-8D8C-5BAABA7F9A05}"
EndProject
Project("{8BC9CEB8-8B4A-11D0-8D11-00A0C91BC942}") = "abstract_server", "..\src\Others\abstract_server\abstract_server.vcxproj", "{688B93DD-60A5-4991-AD8A-2286BD77CF6F}"
EndProject
Project("{8BC9CEB8-8B4A-11D0-8D11-00A0C91BC942}") = "active_object_pattern", "..\src\Others\active_object_pattern\active_object_pattern.vcxproj", "{417F70A8-C738-46BB-8FAB-E7C38C318701}"
EndProject
Project("{8BC9CEB8-8B4A-11D0-8D11-00A0C91BC942}") = "monostate_pattern", "..\src\Others\monostate_pattern\monostate_pattern.vcxproj", "{CD37A5E1-3EE8-4DC3-BD14-4CAA4AE2EE52}"
EndProject
Project("{8BC9CEB8-8B4A-11D0-8D11-00A0C91BC942}") = "null_object_pattern", "..\src\Others\null_object_pattern\null_object_pattern.vcxproj", "{1DFFA347-F9DC-4D39-8DE3-39403D1D32DE}"
EndProject
Project("{8BC9CEB8-8B4A-11D0-8D11-00A0C91BC942}") = "acyclic_visitor", "..\src\Others\acyclic_visitor\acyclic_visitor.vcxproj", "{21192F83-ABE5-420E-96CD-E778B4C13785}"
EndProject
Global
	GlobalSection(SolutionConfigurationPlatforms) = preSolution
		Debug|Win32 = Debug|Win32
		Release|Win32 = Release|Win32
	EndGlobalSection
	GlobalSection(ProjectConfigurationPlatforms) = postSolution
		{88E3718E-60E4-41F3-AAC1-D4A7CA2DB81E}.Debug|Win32.ActiveCfg = Debug|Win32
		{88E3718E-60E4-41F3-AAC1-D4A7CA2DB81E}.Debug|Win32.Build.0 = Debug|Win32
		{88E3718E-60E4-41F3-AAC1-D4A7CA2DB81E}.Release|Win32.ActiveCfg = Release|Win32
		{88E3718E-60E4-41F3-AAC1-D4A7CA2DB81E}.Release|Win32.Build.0 = Release|Win32
		{00DE18A6-240A-49A7-B054-C129D76235A4}.Debug|Win32.ActiveCfg = Debug|Win32
		{00DE18A6-240A-49A7-B054-C129D76235A4}.Debug|Win32.Build.0 = Debug|Win32
		{00DE18A6-240A-49A7-B054-C129D76235A4}.Release|Win32.ActiveCfg = Release|Win32
		{00DE18A6-240A-49A7-B054-C129D76235A4}.Release|Win32.Build.0 = Release|Win32
		{342DCD38-A716-4B05-A1D2-9497BAB06B58}.Debug|Win32.ActiveCfg = Debug|Win32
		{342DCD38-A716-4B05-A1D2-9497BAB06B58}.Debug|Win32.Build.0 = Debug|Win32
		{342DCD38-A716-4B05-A1D2-9497BAB06B58}.Release|Win32.ActiveCfg = Release|Win32
		{342DCD38-A716-4B05-A1D2-9497BAB06B58}.Release|Win32.Build.0 = Release|Win32
		{C7FC6772-648C-447B-8C9D-60516EA681AE}.Debug|Win32.ActiveCfg = Debug|Win32
		{C7FC6772-648C-447B-8C9D-60516EA681AE}.Debug|Win32.Build.0 = Debug|Win32
		{C7FC6772-648C-447B-8C9D-60516EA681AE}.Release|Win32.ActiveCfg = Release|Win32
		{C7FC6772-648C-447B-8C9D-60516EA681AE}.Release|Win32.Build.0 = Release|Win32
		{614AFA19-82A2-4B97-A5EB-27F4EF70A8AA}.Debug|Win32.ActiveCfg = Debug|Win32
		{614AFA19-82A2-4B97-A5EB-27F4EF70A8AA}.Debug|Win32.Build.0 = Debug|Win32
		{614AFA19-82A2-4B97-A5EB-27F4EF70A8AA}.Release|Win32.ActiveCfg = Release|Win32
		{614AFA19-82A2-4B97-A5EB-27F4EF70A8AA}.Release|Win32.Build.0 = Release|Win32
		{2A55CF46-F9B6-499D-85F8-B0243B8BA03D}.Debug|Win32.ActiveCfg = Debug|Win32
		{2A55CF46-F9B6-499D-85F8-B0243B8BA03D}.Debug|Win32.Build.0 = Debug|Win32
		{2A55CF46-F9B6-499D-85F8-B0243B8BA03D}.Release|Win32.ActiveCfg = Release|Win32
		{2A55CF46-F9B6-499D-85F8-B0243B8BA03D}.Release|Win32.Build.0 = Release|Win32
		{336BA3E3-A9DF-4034-A95D-F56721B785A3}.Debug|Win32.ActiveCfg = Debug|Win32
		{336BA3E3-A9DF-4034-A95D-F56721B785A3}.Debug|Win32.Build.0 = Debug|Win32
		{336BA3E3-A9DF-4034-A95D-F56721B785A3}.Release|Win32.ActiveCfg = Release|Win32
		{336BA3E3-A9DF-4034-A95D-F56721B785A3}.Release|Win32.Build.0 = Release|Win32
		{D25FD110-3556-449C-96AA-05DCB0D79F26}.Debug|Win32.ActiveCfg = Debug|Win32
		{D25FD110-3556-449C-96AA-05DCB0D79F26}.Debug|Win32.Build.0 = Debug|Win32
		{D25FD110-3556-449C-96AA-05DCB0D79F26}.Release|Win32.ActiveCfg = Release|Win32
		{D25FD110-3556-449C-96AA-05DCB0D79F26}.Release|Win32.Build.0 = Release|Win32
		{4BA8082B-6908-4E9C-814C-8C36D5B1A814}.Debug|Win32.ActiveCfg = Debug|Win32
		{4BA8082B-6908-4E9C-814C-8C36D5B1A814}.Debug|Win32.Build.0 = Debug|Win32
		{4BA8082B-6908-4E9C-814C-8C36D5B1A814}.Release|Win32.ActiveCfg = Release|Win32
		{4BA8082B-6908-4E9C-814C-8C36D5B1A814}.Release|Win32.Build.0 = Release|Win32
		{3D4984AF-9CD5-4951-B840-A5FEEEDCAD91}.Debug|Win32.ActiveCfg = Debug|Win32
		{3D4984AF-9CD5-4951-B840-A5FEEEDCAD91}.Debug|Win32.Build.0 = Debug|Win32
		{3D4984AF-9CD5-4951-B840-A5FEEEDCAD91}.Release|Win32.ActiveCfg = Release|Win32
		{3D4984AF-9CD5-4951-B840-A5FEEEDCAD91}.Release|Win32.Build.0 = Release|Win32
		{CB5DC5D2-3740-4DB7-B43E-4A4D6FF7169C}.Debug|Win32.ActiveCfg = Debug|Win32
		{CB5DC5D2-3740-4DB7-B43E-4A4D6FF7169C}.Debug|Win32.Build.0 = Debug|Win32
		{CB5DC5D2-3740-4DB7-B43E-4A4D6FF7169C}.Release|Win32.ActiveCfg = Release|Win32
		{CB5DC5D2-3740-4DB7-B43E-4A4D6FF7169C}.Release|Win32.Build.0 = Release|Win32
		{E4D3B107-A897-484D-947A-8AE4D8D343A9}.Debug|Win32.ActiveCfg = Debug|Win32
		{E4D3B107-A897-484D-947A-8AE4D8D343A9}.Debug|Win32.Build.0 = Debug|Win32
		{E4D3B107-A897-484D-947A-8AE4D8D343A9}.Release|Win32.ActiveCfg = Release|Win32
		{E4D3B107-A897-484D-947A-8AE4D8D343A9}.Release|Win32.Build.0 = Release|Win32
		{3B96CF19-86E5-4FBD-AE90-4545E541C715}.Debug|Win32.ActiveCfg = Debug|Win32
		{3B96CF19-86E5-4FBD-AE90-4545E541C715}.Debug|Win32.Build.0 = Debug|Win32
		{3B96CF19-86E5-4FBD-AE90-4545E541C715}.Release|Win32.ActiveCfg = Release|Win32
		{3B96CF19-86E5-4FBD-AE90-4545E541C715}.Release|Win32.Build.0 = Release|Win32
		{1BD3F88F-6E43-461A-B757-BFBAE2369171}.Debug|Win32.ActiveCfg = Debug|Win32
		{1BD3F88F-6E43-461A-B757-BFBAE2369171}.Debug|Win32.Build.0 = Debug|Win32
		{1BD3F88F-6E43-461A-B757-BFBAE2369171}.Release|Win32.ActiveCfg = Release|Win32
		{1BD3F88F-6E43-461A-B757-BFBAE2369171}.Release|Win32.Build.0 = Release|Win32
		{AF69FD22-5108-4EBC-A19C-3E54E595408C}.Debug|Win32.ActiveCfg = Debug|Win32
		{AF69FD22-5108-4EBC-A19C-3E54E595408C}.Debug|Win32.Build.0 = Debug|Win32
		{AF69FD22-5108-4EBC-A19C-3E54E595408C}.Release|Win32.ActiveCfg = Release|Win32
		{AF69FD22-5108-4EBC-A19C-3E54E595408C}.Release|Win32.Build.0 = Release|Win32
		{B550D372-742A-4DE4-9B17-AB97CE6D7F77}.Debug|Win32.ActiveCfg = Debug|Win32
		{B550D372-742A-4DE4-9B17-AB97CE6D7F77}.Debug|Win32.Build.0 = Debug|Win32
		{B550D372-742A-4DE4-9B17-AB97CE6D7F77}.Release|Win32.ActiveCfg = Release|Win32
		{B550D372-742A-4DE4-9B17-AB97CE6D7F77}.Release|Win32.Build.0 = Release|Win32
		{526AD030-458B-4B18-9CBD-8B86CF0500E4}.Debug|Win32.ActiveCfg = Debug|Win32
		{526AD030-458B-4B18-9CBD-8B86CF0500E4}.Debug|Win32.Build.0 = Debug|Win32
		{526AD030-458B-4B18-9CBD-8B86CF0500E4}.Release|Win32.ActiveCfg = Release|Win32
		{526AD030-458B-4B18-9CBD-8B86CF0500E4}.Release|Win32.Build.0 = Release|Win32
		{8EB7BE77-CB2B-4099-8518-3BF6F8A07B31}.Debug|Win32.ActiveCfg = Debug|Win32
		{8EB7BE77-CB2B-4099-8518-3BF6F8A07B31}.Debug|Win32.Build.0 = Debug|Win32
		{8EB7BE77-CB2B-4099-8518-3BF6F8A07B31}.Release|Win32.ActiveCfg = Release|Win32
		{8EB7BE77-CB2B-4099-8518-3BF6F8A07B31}.Release|Win32.Build.0 = Release|Win32
		{967E22F6-41A5-438C-812F-3807FD7C06D4}.Debug|Win32.ActiveCfg = Debug|Win32
		{967E22F6-41A5-438C-812F-3807FD7C06D4}.Debug|Win32.Build.0 = Debug|Win32
		{967E22F6-41A5-438C-812F-3807FD7C06D4}.Release|Win32.ActiveCfg = Release|Win32
		{967E22F6-41A5-438C-812F-3807FD7C06D4}.Release|Win32.Build.0 = Release|Win32
		{686F2936-E253-47F0-ACDC-ED11D0B339EF}.Debug|Win32.ActiveCfg = Debug|Win32
		{686F2936-E253-47F0-ACDC-ED11D0B339EF}.Debug|Win32.Build.0 = Debug|Win32
		{686F2936-E253-47F0-ACDC-ED11D0B339EF}.Release|Win32.ActiveCfg = Release|Win32
		{686F2936-E253-47F0-ACDC-ED11D0B339EF}.Release|Win32.Build.0 = Release|Win32
		{87E2F4C4-E99D-421D-B5C1-1D5C76CF1879}.Debug|Win32.ActiveCfg = Debug|Win32
		{87E2F4C4-E99D-421D-B5C1-1D5C76CF1879}.Debug|Win32.Build.0 = Debug|Win32
		{87E2F4C4-E99D-421D-B5C1-1D5C76CF1879}.Release|Win32.ActiveCfg = Release|Win32
		{87E2F4C4-E99D-421D-B5C1-1D5C76CF1879}.Release|Win32.Build.0 = Release|Win32
		{2114476E-D35B-4BAB-98EF-CE8B85B73FC6}.Debug|Win32.ActiveCfg = Debug|Win32
		{2114476E-D35B-4BAB-98EF-CE8B85B73FC6}.Debug|Win32.Build.0 = Debug|Win32
		{2114476E-D35B-4BAB-98EF-CE8B85B73FC6}.Release|Win32.ActiveCfg = Release|Win32
		{2114476E-D35B-4BAB-98EF-CE8B85B73FC6}.Release|Win32.Build.0 = Release|Win32
		{D3AF3B2E-23B5-4970-B40F-C6C87DD47B9D}.Debug|Win32.ActiveCfg = Debug|Win32
		{D3AF3B2E-23B5-4970-B40F-C6C87DD47B9D}.Debug|Win32.Build.0 = Debug|Win32
		{D3AF3B2E-23B5-4970-B40F-C6C87DD47B9D}.Release|Win32.ActiveCfg = Release|Win32
		{D3AF3B2E-23B5-4970-B40F-C6C87DD47B9D}.Release|Win32.Build.0 = Release|Win32
		{F2807BD9-76C0-4EC6-9414-BDF5B0E4C113}.Debug|Win32.ActiveCfg = Debug|Win32
		{F2807BD9-76C0-4EC6-9414-BDF5B0E4C113}.Debug|Win32.Build.0 = Debug|Win32
		{F2807BD9-76C0-4EC6-9414-BDF5B0E4C113}.Release|Win32.ActiveCfg = Release|Win32
		{F2807BD9-76C0-4EC6-9414-BDF5B0E4C113}.Release|Win32.Build.0 = Release|Win32
		{5C1A1A40-390B-4A9C-8D8C-5BAABA7F9A05}.Debug|Win32.ActiveCfg = Debug|Win32
		{5C1A1A40-390B-4A9C-8D8C-5BAABA7F9A05}.Debug|Win32.Build.0 = Debug|Win32
		{5C1A1A40-390B-4A9C-8D8C-5BAABA7F9A05}.Release|Win32.ActiveCfg = Release|Win32
		{5C1A1A40-390B-4A9C-8D8C-5BAABA7F9A05}.Release|Win32.Build.0 = Release|Win32
		{688B93DD-60A5-4991-AD8A-2286BD77CF6F}.Debug|Win32.ActiveCfg = Debug|Win32
		{688B93DD-60A5-4991-AD8A-2286BD77CF6F}.Debug|Win32.Build.0 = Debug|Win32
		{688B93DD-60A5-4991-AD8A-2286BD77CF6F}.Release|Win32.ActiveCfg = Release|Win32
		{688B93DD-60A5-4991-AD8A-2286BD77CF6F}.Release|Win32.Build.0 = Release|Win32
		{417F70A8-C738-46BB-8FAB-E7C38C318701}.Debug|Win32.ActiveCfg = Debug|Win32
		{417F70A8-C738-46BB-8FAB-E7C38C318701}.Debug|Win32.Build.0 = Debug|Win32
		{417F70A8-C738-46BB-8FAB-E7C38C318701}.Release|Win32.ActiveCfg = Release|Win32
		{417F70A8-C738-46BB-8FAB-E7C38C318701}.Release|Win32.Build.0 = Release|Win32
		{CD37A5E1-3EE8-4DC3-BD14-4CAA4AE2EE52}.Debug|Win32.ActiveCfg = Debug|Win32
		{CD37A5E1-3EE8-4DC3-BD14-4CAA4AE2EE52}.Debug|Win32.Build.0 = Debug|Win32
		{CD37A5E1-3EE8-4DC3-BD14-4CAA4AE2EE52}.Release|Win32.ActiveCfg = Release|Win32
		{CD37A5E1-3EE8-4DC3-BD14-4CAA4AE2EE52}.Release|Win32.Build.0 = Release|Win32
		{1DFFA347-F9DC-4D39-8DE3-39403D1D32DE}.Debug|Win32.ActiveCfg = Debug|Win32
		{1DFFA347-F9DC-4D39-8DE3-39403D1D32DE}.Debug|Win32.Build.0 = Debug|Win32
		{1DFFA347-F9DC-4D39-8DE3-39403D1D32DE}.Release|Win32.ActiveCfg = Release|Win32
		{1DFFA347-F9DC-4D39-8DE3-39403D1D32DE}.Release|Win32.Build.0 = Release|Win32
		{21192F83-ABE5-420E-96CD-E778B4C13785}.Debug|Win32.ActiveCfg = Debug|Win32
		{21192F83-ABE5-420E-96CD-E778B4C13785}.Debug|Win32.Build.0 = Debug|Win32
		{21192F83-ABE5-420E-96CD-E778B4C13785}.Release|Win32.ActiveCfg = Release|Win32
		{21192F83-ABE5-420E-96CD-E778B4C13785}.Release|Win32.Build.0 = Release|Win32
	EndGlobalSection
	GlobalSection(SolutionProperties) = preSolution
		HideSolutionNode = FALSE
	EndGlobalSection
	GlobalSection(NestedProjects) = preSolution
		{56A94BE0-6309-4A33-B376-074AB52DB0AE} = {A85E6C5F-A7A7-4F17-9B98-0D8D3B5BBACE}
		{E50E0004-F6F6-4E7B-8495-4F6ADB61363A} = {A85E6C5F-A7A7-4F17-9B98-0D8D3B5BBACE}
		{D130D321-E193-42FB-96C5-1A120655EE9B} = {A85E6C5F-A7A7-4F17-9B98-0D8D3B5BBACE}
		{88E3718E-60E4-41F3-AAC1-D4A7CA2DB81E} = {56A94BE0-6309-4A33-B376-074AB52DB0AE}
		{00DE18A6-240A-49A7-B054-C129D76235A4} = {56A94BE0-6309-4A33-B376-074AB52DB0AE}
		{342DCD38-A716-4B05-A1D2-9497BAB06B58} = {56A94BE0-6309-4A33-B376-074AB52DB0AE}
		{C7FC6772-648C-447B-8C9D-60516EA681AE} = {56A94BE0-6309-4A33-B376-074AB52DB0AE}
		{614AFA19-82A2-4B97-A5EB-27F4EF70A8AA} = {56A94BE0-6309-4A33-B376-074AB52DB0AE}
		{2A55CF46-F9B6-499D-85F8-B0243B8BA03D} = {56A94BE0-6309-4A33-B376-074AB52DB0AE}
		{336BA3E3-A9DF-4034-A95D-F56721B785A3} = {E50E0004-F6F6-4E7B-8495-4F6ADB61363A}
		{D25FD110-3556-449C-96AA-05DCB0D79F26} = {E50E0004-F6F6-4E7B-8495-4F6ADB61363A}
		{4BA8082B-6908-4E9C-814C-8C36D5B1A814} = {E50E0004-F6F6-4E7B-8495-4F6ADB61363A}
		{3D4984AF-9CD5-4951-B840-A5FEEEDCAD91} = {E50E0004-F6F6-4E7B-8495-4F6ADB61363A}
		{CB5DC5D2-3740-4DB7-B43E-4A4D6FF7169C} = {E50E0004-F6F6-4E7B-8495-4F6ADB61363A}
		{E4D3B107-A897-484D-947A-8AE4D8D343A9} = {E50E0004-F6F6-4E7B-8495-4F6ADB61363A}
		{3B96CF19-86E5-4FBD-AE90-4545E541C715} = {E50E0004-F6F6-4E7B-8495-4F6ADB61363A}
		{1BD3F88F-6E43-461A-B757-BFBAE2369171} = {D130D321-E193-42FB-96C5-1A120655EE9B}
		{AF69FD22-5108-4EBC-A19C-3E54E595408C} = {D130D321-E193-42FB-96C5-1A120655EE9B}
		{B550D372-742A-4DE4-9B17-AB97CE6D7F77} = {D130D321-E193-42FB-96C5-1A120655EE9B}
		{526AD030-458B-4B18-9CBD-8B86CF0500E4} = {D130D321-E193-42FB-96C5-1A120655EE9B}
		{8EB7BE77-CB2B-4099-8518-3BF6F8A07B31} = {D130D321-E193-42FB-96C5-1A120655EE9B}
		{967E22F6-41A5-438C-812F-3807FD7C06D4} = {D130D321-E193-42FB-96C5-1A120655EE9B}
		{686F2936-E253-47F0-ACDC-ED11D0B339EF} = {D130D321-E193-42FB-96C5-1A120655EE9B}
		{87E2F4C4-E99D-421D-B5C1-1D5C76CF1879} = {D130D321-E193-42FB-96C5-1A120655EE9B}
		{2114476E-D35B-4BAB-98EF-CE8B85B73FC6} = {D130D321-E193-42FB-96C5-1A120655EE9B}
		{D3AF3B2E-23B5-4970-B40F-C6C87DD47B9D} = {D130D321-E193-42FB-96C5-1A120655EE9B}
		{F2807BD9-76C0-4EC6-9414-BDF5B0E4C113} = {D130D321-E193-42FB-96C5-1A120655EE9B}
		{5C1A1A40-390B-4A9C-8D8C-5BAABA7F9A05} = {D130D321-E193-42FB-96C5-1A120655EE9B}
		{688B93DD-60A5-4991-AD8A-2286BD77CF6F} = {3CB29B94-9735-4366-AF94-0B52C66B6177}
		{417F70A8-C738-46BB-8FAB-E7C38C318701} = {3CB29B94-9735-4366-AF94-0B52C66B6177}
		{CD37A5E1-3EE8-4DC3-BD14-4CAA4AE2EE52} = {3CB29B94-9735-4366-AF94-0B52C66B6177}
		{1DFFA347-F9DC-4D39-8DE3-39403D1D32DE} = {3CB29B94-9735-4366-AF94-0B52C66B6177}
		{21192F83-ABE5-420E-96CD-E778B4C13785} = {3CB29B94-9735-4366-AF94-0B52C66B6177}
	EndGlobalSection
EndGlobal
